
Microsoft Visual Studio Solution File, Format Version 12.00
# Visual Studio Version 17
VisualStudioVersion = 17.9.34607.119
MinimumVisualStudioVersion = 10.0.40219.1
Project("{8BC9CEB8-8B4A-11D0-8D11-00A0C91BC942}") = "SPPV0.1", "SPPV0.1.vcxproj", "{2FC300E6-ACB0-41DE-B853-A82F56134EB8}"
EndProject
Global
	GlobalSection(SolutionConfigurationPlatforms) = preSolution
		Debug|x64 = Debug|x64
		Debug|x86 = Debug|x86
		Release|x64 = Release|x64
		Release|x86 = Release|x86
	EndGlobalSection
	GlobalSection(ProjectConfigurationPlatforms) = postSolution
		{2FC300E6-ACB0-41DE-B853-A82F56134EB8}.Debug|x64.ActiveCfg = Debug|x64
		{2FC300E6-ACB0-41DE-B853-A82F56134EB8}.Debug|x64.Build.0 = Debug|x64
		{2FC300E6-ACB0-41DE-B853-A82F56134EB8}.Debug|x86.ActiveCfg = Debug|Win32
		{2FC300E6-ACB0-41DE-B853-A82F56134EB8}.Debug|x86.Build.0 = Debug|Win32
		{2FC300E6-ACB0-41DE-B853-A82F56134EB8}.Release|x64.ActiveCfg = Release|x64
		{2FC300E6-ACB0-41DE-B853-A82F56134EB8}.Release|x64.Build.0 = Release|x64
		{2FC300E6-ACB0-41DE-B853-A82F56134EB8}.Release|x86.ActiveCfg = Release|Win32
		{2FC300E6-ACB0-41DE-B853-A82F56134EB8}.Release|x86.Build.0 = Release|Win32
	EndGlobalSection
	GlobalSection(SolutionProperties) = preSolution
		HideSolutionNode = FALSE
	EndGlobalSection
	GlobalSection(ExtensibilityGlobals) = postSolution
		SolutionGuid = {767FEB5F-C663-42D5-8856-0FB41D3CB0AD}
	EndGlobalSection
EndGlobal
